// !$*UTF8*$!
{
	archiveVersion = 1;
	classes = {
	};
	objectVersion = 50;
	objects = {

/* Begin PBXBuildFile section */
		3BA055090EB4F6B692D18A95 /* Pods_Todolist.framework in Frameworks */ = {isa = PBXBuildFile; fileRef = 315369FE987A279485F5E2CF /* Pods_Todolist.framework */; };
		6526805521F9D0D600D18C20 /* CategoryViewController.swift in Sources */ = {isa = PBXBuildFile; fileRef = 6526805421F9D0D600D18C20 /* CategoryViewController.swift */; };
		6526805921FB2E5100D18C20 /* Item.swift in Sources */ = {isa = PBXBuildFile; fileRef = 6526805821FB2E5100D18C20 /* Item.swift */; };
		6526805B21FB2E5D00D18C20 /* Category.swift in Sources */ = {isa = PBXBuildFile; fileRef = 6526805A21FB2E5D00D18C20 /* Category.swift */; };
		656BF13F21F93C4E002C901C /* AppDelegate.swift in Sources */ = {isa = PBXBuildFile; fileRef = 656BF13E21F93C4E002C901C /* AppDelegate.swift */; };
		656BF14121F93C4E002C901C /* TodoListViewController.swift in Sources */ = {isa = PBXBuildFile; fileRef = 656BF14021F93C4E002C901C /* TodoListViewController.swift */; };
		656BF14421F93C4E002C901C /* Main.storyboard in Resources */ = {isa = PBXBuildFile; fileRef = 656BF14221F93C4E002C901C /* Main.storyboard */; };
		656BF14621F93C51002C901C /* Assets.xcassets in Resources */ = {isa = PBXBuildFile; fileRef = 656BF14521F93C51002C901C /* Assets.xcassets */; };
		656BF14921F93C51002C901C /* LaunchScreen.storyboard in Resources */ = {isa = PBXBuildFile; fileRef = 656BF14721F93C51002C901C /* LaunchScreen.storyboard */; };
/* End PBXBuildFile section */

/* Begin PBXFileReference section */
		315369FE987A279485F5E2CF /* Pods_Todolist.framework */ = {isa = PBXFileReference; explicitFileType = wrapper.framework; includeInIndex = 0; path = Pods_Todolist.framework; sourceTree = BUILT_PRODUCTS_DIR; };
		569CDD1F82B00BA7B1E81B22 /* Pods-Todolist.debug.xcconfig */ = {isa = PBXFileReference; includeInIndex = 1; lastKnownFileType = text.xcconfig; name = "Pods-Todolist.debug.xcconfig"; path = "Pods/Target Support Files/Pods-Todolist/Pods-Todolist.debug.xcconfig"; sourceTree = "<group>"; };
		6526805421F9D0D600D18C20 /* CategoryViewController.swift */ = {isa = PBXFileReference; lastKnownFileType = sourcecode.swift; path = CategoryViewController.swift; sourceTree = "<group>"; };
		6526805821FB2E5100D18C20 /* Item.swift */ = {isa = PBXFileReference; lastKnownFileType = sourcecode.swift; path = Item.swift; sourceTree = "<group>"; };
		6526805A21FB2E5D00D18C20 /* Category.swift */ = {isa = PBXFileReference; lastKnownFileType = sourcecode.swift; path = Category.swift; sourceTree = "<group>"; };
		656BF13B21F93C4E002C901C /* Todolist.app */ = {isa = PBXFileReference; explicitFileType = wrapper.application; includeInIndex = 0; path = Todolist.app; sourceTree = BUILT_PRODUCTS_DIR; };
		656BF13E21F93C4E002C901C /* AppDelegate.swift */ = {isa = PBXFileReference; lastKnownFileType = sourcecode.swift; path = AppDelegate.swift; sourceTree = "<group>"; };
		656BF14021F93C4E002C901C /* TodoListViewController.swift */ = {isa = PBXFileReference; lastKnownFileType = sourcecode.swift; path = TodoListViewController.swift; sourceTree = "<group>"; };
		656BF14321F93C4E002C901C /* Base */ = {isa = PBXFileReference; lastKnownFileType = file.storyboard; name = Base; path = Base.lproj/Main.storyboard; sourceTree = "<group>"; };
		656BF14521F93C51002C901C /* Assets.xcassets */ = {isa = PBXFileReference; lastKnownFileType = folder.assetcatalog; path = Assets.xcassets; sourceTree = "<group>"; };
		656BF14821F93C51002C901C /* Base */ = {isa = PBXFileReference; lastKnownFileType = file.storyboard; name = Base; path = Base.lproj/LaunchScreen.storyboard; sourceTree = "<group>"; };
		656BF14A21F93C51002C901C /* Info.plist */ = {isa = PBXFileReference; lastKnownFileType = text.plist.xml; path = Info.plist; sourceTree = "<group>"; };
		A06A2EC311F6F4306860A72A /* Pods-Todolist.release.xcconfig */ = {isa = PBXFileReference; includeInIndex = 1; lastKnownFileType = text.xcconfig; name = "Pods-Todolist.release.xcconfig"; path = "Pods/Target Support Files/Pods-Todolist/Pods-Todolist.release.xcconfig"; sourceTree = "<group>"; };
/* End PBXFileReference section */

/* Begin PBXFrameworksBuildPhase section */
		656BF13821F93C4E002C901C /* Frameworks */ = {
			isa = PBXFrameworksBuildPhase;
			buildActionMask = 2147483647;
			files = (
				3BA055090EB4F6B692D18A95 /* Pods_Todolist.framework in Frameworks */,
			);
			runOnlyForDeploymentPostprocessing = 0;
		};
/* End PBXFrameworksBuildPhase section */

/* Begin PBXGroup section */
		1F05FBCB146E50F0F3073B8C /* Pods */ = {
			isa = PBXGroup;
			children = (
				569CDD1F82B00BA7B1E81B22 /* Pods-Todolist.debug.xcconfig */,
				A06A2EC311F6F4306860A72A /* Pods-Todolist.release.xcconfig */,
			);
			name = Pods;
			sourceTree = "<group>";
		};
		6526802C21F965D500D18C20 /* Data Model */ = {
			isa = PBXGroup;
			children = (
				6526805821FB2E5100D18C20 /* Item.swift */,
				6526805A21FB2E5D00D18C20 /* Category.swift */,
			);
			path = "Data Model";
			sourceTree = "<group>";
		};
		6526802D21F965E900D18C20 /* Controllers */ = {
			isa = PBXGroup;
			children = (
				656BF13E21F93C4E002C901C /* AppDelegate.swift */,
				6526805421F9D0D600D18C20 /* CategoryViewController.swift */,
				656BF14021F93C4E002C901C /* TodoListViewController.swift */,
			);
			path = Controllers;
			sourceTree = "<group>";
		};
		6526802E21F965F800D18C20 /* Views */ = {
			isa = PBXGroup;
			children = (
				656BF14221F93C4E002C901C /* Main.storyboard */,
			);
			path = Views;
			sourceTree = "<group>";
		};
		6526802F21F9661300D18C20 /* Supporting Files\ */ = {
			isa = PBXGroup;
			children = (
				656BF14521F93C51002C901C /* Assets.xcassets */,
				656BF14721F93C51002C901C /* LaunchScreen.storyboard */,
			);
			path = "Supporting Files\\";
			sourceTree = "<group>";
		};
		656BF13221F93C4E002C901C = {
			isa = PBXGroup;
			children = (
				656BF13D21F93C4E002C901C /* Todolist */,
				656BF13C21F93C4E002C901C /* Products */,
				1F05FBCB146E50F0F3073B8C /* Pods */,
				6F3B7A76B5919A08D17A57FE /* Frameworks */,
			);
			sourceTree = "<group>";
		};
		656BF13C21F93C4E002C901C /* Products */ = {
			isa = PBXGroup;
			children = (
				656BF13B21F93C4E002C901C /* Todolist.app */,
			);
			name = Products;
			sourceTree = "<group>";
		};
		656BF13D21F93C4E002C901C /* Todolist */ = {
			isa = PBXGroup;
			children = (
				6526802D21F965E900D18C20 /* Controllers */,
				6526802C21F965D500D18C20 /* Data Model */,
				6526802E21F965F800D18C20 /* Views */,
				6526802F21F9661300D18C20 /* Supporting Files\ */,
				656BF14A21F93C51002C901C /* Info.plist */,
			);
			path = Todolist;
			sourceTree = "<group>";
		};
		6F3B7A76B5919A08D17A57FE /* Frameworks */ = {
			isa = PBXGroup;
			children = (
				315369FE987A279485F5E2CF /* Pods_Todolist.framework */,
			);
			name = Frameworks;
			sourceTree = "<group>";
		};
/* End PBXGroup section */

/* Begin PBXNativeTarget section */
		656BF13A21F93C4E002C901C /* Todolist */ = {
			isa = PBXNativeTarget;
			buildConfigurationList = 656BF14D21F93C51002C901C /* Build configuration list for PBXNativeTarget "Todolist" */;
			buildPhases = (
				28C6004FAE531755DB7E46AF /* [CP] Check Pods Manifest.lock */,
				656BF13721F93C4E002C901C /* Sources */,
				656BF13821F93C4E002C901C /* Frameworks */,
				656BF13921F93C4E002C901C /* Resources */,
				80FE9763BABE7FFF2A796417 /* [CP] Embed Pods Frameworks */,
			);
			buildRules = (
			);
			dependencies = (
			);
			name = Todolist;
			productName = Todolist;
			productReference = 656BF13B21F93C4E002C901C /* Todolist.app */;
			productType = "com.apple.product-type.application";
		};
/* End PBXNativeTarget section */

/* Begin PBXProject section */
		656BF13321F93C4E002C901C /* Project object */ = {
			isa = PBXProject;
			attributes = {
				LastSwiftUpdateCheck = 1010;
				LastUpgradeCheck = 1010;
				ORGANIZATIONNAME = Derek;
				TargetAttributes = {
					656BF13A21F93C4E002C901C = {
						CreatedOnToolsVersion = 10.1;
					};
				};
			};
			buildConfigurationList = 656BF13621F93C4E002C901C /* Build configuration list for PBXProject "Todolist" */;
			compatibilityVersion = "Xcode 9.3";
			developmentRegion = en;
			hasScannedForEncodings = 0;
			knownRegions = (
				en,
				Base,
			);
			mainGroup = 656BF13221F93C4E002C901C;
			productRefGroup = 656BF13C21F93C4E002C901C /* Products */;
			projectDirPath = "";
			projectRoot = "";
			targets = (
				656BF13A21F93C4E002C901C /* Todolist */,
			);
		};
/* End PBXProject section */

/* Begin PBXResourcesBuildPhase section */
		656BF13921F93C4E002C901C /* Resources */ = {
			isa = PBXResourcesBuildPhase;
			buildActionMask = 2147483647;
			files = (
				656BF14921F93C51002C901C /* LaunchScreen.storyboard in Resources */,
				656BF14621F93C51002C901C /* Assets.xcassets in Resources */,
				656BF14421F93C4E002C901C /* Main.storyboard in Resources */,
			);
			runOnlyForDeploymentPostprocessing = 0;
		};
/* End PBXResourcesBuildPhase section */

/* Begin PBXShellScriptBuildPhase section */
		28C6004FAE531755DB7E46AF /* [CP] Check Pods Manifest.lock */ = {
			isa = PBXShellScriptBuildPhase;
			buildActionMask = 2147483647;
			files = (
			);
			inputPaths = (
				"${PODS_PODFILE_DIR_PATH}/Podfile.lock",
				"${PODS_ROOT}/Manifest.lock",
			);
			name = "[CP] Check Pods Manifest.lock";
			outputPaths = (
				"$(DERIVED_FILE_DIR)/Pods-Todolist-checkManifestLockResult.txt",
			);
			runOnlyForDeploymentPostprocessing = 0;
			shellPath = /bin/sh;
			shellScript = "diff \"${PODS_PODFILE_DIR_PATH}/Podfile.lock\" \"${PODS_ROOT}/Manifest.lock\" > /dev/null\nif [ $? != 0 ] ; then\n    # print error to STDERR\n    echo \"error: The sandbox is not in sync with the Podfile.lock. Run 'pod install' or update your CocoaPods installation.\" >&2\n    exit 1\nfi\n# This output is used by Xcode 'outputs' to avoid re-running this script phase.\necho \"SUCCESS\" > \"${SCRIPT_OUTPUT_FILE_0}\"\n";
			showEnvVarsInLog = 0;
		};
		80FE9763BABE7FFF2A796417 /* [CP] Embed Pods Frameworks */ = {
			isa = PBXShellScriptBuildPhase;
			buildActionMask = 2147483647;
			files = (
			);
			inputPaths = (
				"${SRCROOT}/Pods/Target Support Files/Pods-Todolist/Pods-Todolist-frameworks.sh",
				"${BUILT_PRODUCTS_DIR}/Realm/Realm.framework",
				"${BUILT_PRODUCTS_DIR}/RealmSwift/RealmSwift.framework",
			);
			name = "[CP] Embed Pods Frameworks";
			outputPaths = (
				"${TARGET_BUILD_DIR}/${FRAMEWORKS_FOLDER_PATH}/Realm.framework",
				"${TARGET_BUILD_DIR}/${FRAMEWORKS_FOLDER_PATH}/RealmSwift.framework",
			);
			runOnlyForDeploymentPostprocessing = 0;
			shellPath = /bin/sh;
			shellScript = "\"${SRCROOT}/Pods/Target Support Files/Pods-Todolist/Pods-Todolist-frameworks.sh\"\n";
			showEnvVarsInLog = 0;
		};
/* End PBXShellScriptBuildPhase section */

/* Begin PBXSourcesBuildPhase section */
		656BF13721F93C4E002C901C /* Sources */ = {
			isa = PBXSourcesBuildPhase;
			buildActionMask = 2147483647;
			files = (
				6526805921FB2E5100D18C20 /* Item.swift in Sources */,
				6526805521F9D0D600D18C20 /* CategoryViewController.swift in Sources */,
				656BF14121F93C4E002C901C /* TodoListViewController.swift in Sources */,
				656BF13F21F93C4E002C901C /* AppDelegate.swift in Sources */,
				6526805B21FB2E5D00D18C20 /* Category.swift in Sources */,
			);
			runOnlyForDeploymentPostprocessing = 0;
		};
/* End PBXSourcesBuildPhase section */

/* Begin PBXVariantGroup section */
		656BF14221F93C4E002C901C /* Main.storyboard */ = {
			isa = PBXVariantGroup;
			children = (
				656BF14321F93C4E002C901C /* Base */,
			);
			name = Main.storyboard;
			sourceTree = "<group>";
		};
		656BF14721F93C51002C901C /* LaunchScreen.storyboard */ = {
			isa = PBXVariantGroup;
			children = (
				656BF14821F93C51002C901C /* Base */,
			);
			name = LaunchScreen.storyboard;
			sourceTree = "<group>";
		};
/* End PBXVariantGroup section */

/* Begin XCBuildConfiguration section */
		656BF14B21F93C51002C901C /* Debug */ = {
			isa = XCBuildConfiguration;
			buildSettings = {
				ALWAYS_SEARCH_USER_PATHS = NO;
				CLANG_ANALYZER_NONNULL = YES;
				CLANG_ANALYZER_NUMBER_OBJECT_CONVERSION = YES_AGGRESSIVE;
				CLANG_CXX_LANGUAGE_STANDARD = "gnu++14";
				CLANG_CXX_LIBRARY = "libc++";
				CLANG_ENABLE_MODULES = YES;
				CLANG_ENABLE_OBJC_ARC = YES;
				CLANG_ENABLE_OBJC_WEAK = YES;
				CLANG_WARN_BLOCK_CAPTURE_AUTORELEASING = YES;
				CLANG_WARN_BOOL_CONVERSION = YES;
				CLANG_WARN_COMMA = YES;
				CLANG_WARN_CONSTANT_CONVERSION = YES;
				CLANG_WARN_DEPRECATED_OBJC_IMPLEMENTATIONS = YES;
				CLANG_WARN_DIRECT_OBJC_ISA_USAGE = YES_ERROR;
				CLANG_WARN_DOCUMENTATION_COMMENTS = YES;
				CLANG_WARN_EMPTY_BODY = YES;
				CLANG_WARN_ENUM_CONVERSION = YES;
				CLANG_WARN_INFINITE_RECURSION = YES;
				CLANG_WARN_INT_CONVERSION = YES;
				CLANG_WARN_NON_LITERAL_NULL_CONVERSION = YES;
				CLANG_WARN_OBJC_IMPLICIT_RETAIN_SELF = YES;
				CLANG_WARN_OBJC_LITERAL_CONVERSION = YES;
				CLANG_WARN_OBJC_ROOT_CLASS = YES_ERROR;
				CLANG_WARN_RANGE_LOOP_ANALYSIS = YES;
				CLANG_WARN_STRICT_PROTOTYPES = YES;
				CLANG_WARN_SUSPICIOUS_MOVE = YES;
				CLANG_WARN_UNGUARDED_AVAILABILITY = YES_AGGRESSIVE;
				CLANG_WARN_UNREACHABLE_CODE = YES;
				CLANG_WARN__DUPLICATE_METHOD_MATCH = YES;
				CODE_SIGN_IDENTITY = "iPhone Developer";
				COPY_PHASE_STRIP = NO;
				DEBUG_INFORMATION_FORMAT = dwarf;
				ENABLE_STRICT_OBJC_MSGSEND = YES;
				ENABLE_TESTABILITY = YES;
				GCC_C_LANGUAGE_STANDARD = gnu11;
				GCC_DYNAMIC_NO_PIC = NO;
				GCC_NO_COMMON_BLOCKS = YES;
				GCC_OPTIMIZATION_LEVEL = 0;
				GCC_PREPROCESSOR_DEFINITIONS = (
					"DEBUG=1",
					"$(inherited)",
				);
				GCC_WARN_64_TO_32_BIT_CONVERSION = YES;
				GCC_WARN_ABOUT_RETURN_TYPE = YES_ERROR;
				GCC_WARN_UNDECLARED_SELECTOR = YES;
				GCC_WARN_UNINITIALIZED_AUTOS = YES_AGGRESSIVE;
				GCC_WARN_UNUSED_FUNCTION = YES;
				GCC_WARN_UNUSED_VARIABLE = YES;
				IPHONEOS_DEPLOYMENT_TARGET = 12.1;
				MTL_ENABLE_DEBUG_INFO = INCLUDE_SOURCE;
				MTL_FAST_MATH = YES;
				ONLY_ACTIVE_ARCH = YES;
				SDKROOT = iphoneos;
				SWIFT_ACTIVE_COMPILATION_CONDITIONS = DEBUG;
				SWIFT_OPTIMIZATION_LEVEL = "-Onone";
			};
			name = Debug;
		};
		656BF14C21F93C51002C901C /* Release */ = {
			isa = XCBuildConfiguration;
			buildSettings = {
				ALWAYS_SEARCH_USER_PATHS = NO;
				CLANG_ANALYZER_NONNULL = YES;
				CLANG_ANALYZER_NUMBER_OBJECT_CONVERSION = YES_AGGRESSIVE;
				CLANG_CXX_LANGUAGE_STANDARD = "gnu++14";
				CLANG_CXX_LIBRARY = "libc++";
				CLANG_ENABLE_MODULES = YES;
				CLANG_ENABLE_OBJC_ARC = YES;
				CLANG_ENABLE_OBJC_WEAK = YES;
				CLANG_WARN_BLOCK_CAPTURE_AUTORELEASING = YES;
				CLANG_WARN_BOOL_CONVERSION = YES;
				CLANG_WARN_COMMA = YES;
				CLANG_WARN_CONSTANT_CONVERSION = YES;
				CLANG_WARN_DEPRECATED_OBJC_IMPLEMENTATIONS = YES;
				CLANG_WARN_DIRECT_OBJC_ISA_USAGE = YES_ERROR;
				CLANG_WARN_DOCUMENTATION_COMMENTS = YES;
				CLANG_WARN_EMPTY_BODY = YES;
				CLANG_WARN_ENUM_CONVERSION = YES;
				CLANG_WARN_INFINITE_RECURSION = YES;
				CLANG_WARN_INT_CONVERSION = YES;
				CLANG_WARN_NON_LITERAL_NULL_CONVERSION = YES;
				CLANG_WARN_OBJC_IMPLICIT_RETAIN_SELF = YES;
				CLANG_WARN_OBJC_LITERAL_CONVERSION = YES;
				CLANG_WARN_OBJC_ROOT_CLASS = YES_ERROR;
				CLANG_WARN_RANGE_LOOP_ANALYSIS = YES;
				CLANG_WARN_STRICT_PROTOTYPES = YES;
				CLANG_WARN_SUSPICIOUS_MOVE = YES;
				CLANG_WARN_UNGUARDED_AVAILABILITY = YES_AGGRESSIVE;
				CLANG_WARN_UNREACHABLE_CODE = YES;
				CLANG_WARN__DUPLICATE_METHOD_MATCH = YES;
				CODE_SIGN_IDENTITY = "iPhone Developer";
				COPY_PHASE_STRIP = NO;
				DEBUG_INFORMATION_FORMAT = "dwarf-with-dsym";
				ENABLE_NS_ASSERTIONS = NO;
				ENABLE_STRICT_OBJC_MSGSEND = YES;
				GCC_C_LANGUAGE_STANDARD = gnu11;
				GCC_NO_COMMON_BLOCKS = YES;
				GCC_WARN_64_TO_32_BIT_CONVERSION = YES;
				GCC_WARN_ABOUT_RETURN_TYPE = YES_ERROR;
				GCC_WARN_UNDECLARED_SELECTOR = YES;
				GCC_WARN_UNINITIALIZED_AUTOS = YES_AGGRESSIVE;
				GCC_WARN_UNUSED_FUNCTION = YES;
				GCC_WARN_UNUSED_VARIABLE = YES;
				IPHONEOS_DEPLOYMENT_TARGET = 12.1;
				MTL_ENABLE_DEBUG_INFO = NO;
				MTL_FAST_MATH = YES;
				SDKROOT = iphoneos;
				SWIFT_COMPILATION_MODE = wholemodule;
				SWIFT_OPTIMIZATION_LEVEL = "-O";
				VALIDATE_PRODUCT = YES;
			};
			name = Release;
		};
		656BF14E21F93C51002C901C /* Debug */ = {
			isa = XCBuildConfiguration;
			baseConfigurationReference = 569CDD1F82B00BA7B1E81B22 /* Pods-Todolist.debug.xcconfig */;
			buildSettings = {
				ASSETCATALOG_COMPILER_APPICON_NAME = AppIcon;
				CODE_SIGN_STYLE = Automatic;
				DEVELOPMENT_TEAM = 78JKR798NK;
				INFOPLIST_FILE = Todolist/Info.plist;
				LD_RUNPATH_SEARCH_PATHS = (
					"$(inherited)",
					"@executable_path/Frameworks",
				);
				PRODUCT_BUNDLE_IDENTIFIER = com.derek.Todolist;
				PRODUCT_NAME = "$(TARGET_NAME)";
				SWIFT_VERSION = 4.2;
				TARGETED_DEVICE_FAMILY = "1,2";
			};
			name = Debug;
		};
		656BF14F21F93C51002C901C /* Release */ = {
			isa = XCBuildConfiguration;
			baseConfigurationReference = A06A2EC311F6F4306860A72A /* Pods-Todolist.release.xcconfig */;
			buildSettings = {
				ASSETCATALOG_COMPILER_APPICON_NAME = AppIcon;
				CODE_SIGN_STYLE = Automatic;
				DEVELOPMENT_TEAM = 78JKR798NK;
				INFOPLIST_FILE = Todolist/Info.plist;
				LD_RUNPATH_SEARCH_PATHS = (
					"$(inherited)",
					"@executable_path/Frameworks",
				);
				PRODUCT_BUNDLE_IDENTIFIER = com.derek.Todolist;
				PRODUCT_NAME = "$(TARGET_NAME)";
				SWIFT_VERSION = 4.2;
				TARGETED_DEVICE_FAMILY = "1,2";
			};
			name = Release;
		};
/* End XCBuildConfiguration section */

/* Begin XCConfigurationList section */
		656BF13621F93C4E002C901C /* Build configuration list for PBXProject "Todolist" */ = {
			isa = XCConfigurationList;
			buildConfigurations = (
				656BF14B21F93C51002C901C /* Debug */,
				656BF14C21F93C51002C901C /* Release */,
			);
			defaultConfigurationIsVisible = 0;
			defaultConfigurationName = Release;
		};
		656BF14D21F93C51002C901C /* Build configuration list for PBXNativeTarget "Todolist" */ = {
			isa = XCConfigurationList;
			buildConfigurations = (
				656BF14E21F93C51002C901C /* Debug */,
				656BF14F21F93C51002C901C /* Release */,
			);
			defaultConfigurationIsVisible = 0;
			defaultConfigurationName = Release;
		};
/* End XCConfigurationList section */
	};
	rootObject = 656BF13321F93C4E002C901C /* Project object */;
}
